
Microsoft Visual Studio Solution File, Format Version 12.00
# Visual Studio Version 17
VisualStudioVersion = 17.1.32407.343
MinimumVisualStudioVersion = 10.0.40219.1
Project("{FAE04EC0-301F-11D3-BF4B-00C04F79EFBC}") = "5º_Av_part01", "5º_Av_part01\5º_Av_part01.csproj", "{FC41AA02-56EA-44C0-B0D0-A8F9908D5A3C}"
EndProject
Global
	GlobalSection(SolutionConfigurationPlatforms) = preSolution
		Debug|Any CPU = Debug|Any CPU
		Release|Any CPU = Release|Any CPU
	EndGlobalSection
	GlobalSection(ProjectConfigurationPlatforms) = postSolution
		{FC41AA02-56EA-44C0-B0D0-A8F9908D5A3C}.Debug|Any CPU.ActiveCfg = Debug|Any CPU
		{FC41AA02-56EA-44C0-B0D0-A8F9908D5A3C}.Debug|Any CPU.Build.0 = Debug|Any CPU
		{FC41AA02-56EA-44C0-B0D0-A8F9908D5A3C}.Release|Any CPU.ActiveCfg = Release|Any CPU
		{FC41AA02-56EA-44C0-B0D0-A8F9908D5A3C}.Release|Any CPU.Build.0 = Release|Any CPU
	EndGlobalSection
	GlobalSection(SolutionProperties) = preSolution
		HideSolutionNode = FALSE
	EndGlobalSection
	GlobalSection(ExtensibilityGlobals) = postSolution
		SolutionGuid = {7972AC73-B122-490B-B06B-396CEC5D009F}
	EndGlobalSection
EndGlobal
